
Microsoft Visual Studio Solution File, Format Version 12.00
# Visual Studio 15
VisualStudioVersion = 15.0.28307.421
MinimumVisualStudioVersion = 10.0.40219.1
Project("{FAE04EC0-301F-11D3-BF4B-00C04F79EFBC}") = "Day02.NonPrimitiveDemo", "Day02.NonPrimitiveDemo\Day02.NonPrimitiveDemo.csproj", "{5C9ACD8A-69E4-449C-B669-BB8079A03EE9}"
EndProject
Project("{FAE04EC0-301F-11D3-BF4B-00C04F79EFBC}") = "Day02.CollectionDemo", "Day02.CollectionDemo\Day02.CollectionDemo.csproj", "{EA0C0096-9A9B-425F-8D32-64BEFCA15FB4}"
EndProject
Global
	GlobalSection(SolutionConfigurationPlatforms) = preSolution
		Debug|Any CPU = Debug|Any CPU
		Release|Any CPU = Release|Any CPU
	EndGlobalSection
	GlobalSection(ProjectConfigurationPlatforms) = postSolution
		{5C9ACD8A-69E4-449C-B669-BB8079A03EE9}.Debug|Any CPU.ActiveCfg = Debug|Any CPU
		{5C9ACD8A-69E4-449C-B669-BB8079A03EE9}.Debug|Any CPU.Build.0 = Debug|Any CPU
		{5C9ACD8A-69E4-449C-B669-BB8079A03EE9}.Release|Any CPU.ActiveCfg = Release|Any CPU
		{5C9ACD8A-69E4-449C-B669-BB8079A03EE9}.Release|Any CPU.Build.0 = Release|Any CPU
		{EA0C0096-9A9B-425F-8D32-64BEFCA15FB4}.Debug|Any CPU.ActiveCfg = Debug|Any CPU
		{EA0C0096-9A9B-425F-8D32-64BEFCA15FB4}.Debug|Any CPU.Build.0 = Debug|Any CPU
		{EA0C0096-9A9B-425F-8D32-64BEFCA15FB4}.Release|Any CPU.ActiveCfg = Release|Any CPU
		{EA0C0096-9A9B-425F-8D32-64BEFCA15FB4}.Release|Any CPU.Build.0 = Release|Any CPU
	EndGlobalSection
	GlobalSection(SolutionProperties) = preSolution
		HideSolutionNode = FALSE
	EndGlobalSection
	GlobalSection(ExtensibilityGlobals) = postSolution
		SolutionGuid = {E51684B8-21E7-4C48-80C7-FC34AFBA76CF}
	EndGlobalSection
EndGlobal
