
Microsoft Visual Studio Solution File, Format Version 12.00
# Visual Studio 15
VisualStudioVersion = 15.0.28307.421
MinimumVisualStudioVersion = 10.0.40219.1
Project("{FAE04EC0-301F-11D3-BF4B-00C04F79EFBC}") = "ADO.NetDataGrid", "ADO.NetDataGrid\ADO.NetDataGrid.csproj", "{770FFBC3-20C8-4C21-906E-2DA4C82D2B31}"
EndProject
Global
	GlobalSection(SolutionConfigurationPlatforms) = preSolution
		Debug|Any CPU = Debug|Any CPU
		Release|Any CPU = Release|Any CPU
	EndGlobalSection
	GlobalSection(ProjectConfigurationPlatforms) = postSolution
		{770FFBC3-20C8-4C21-906E-2DA4C82D2B31}.Debug|Any CPU.ActiveCfg = Debug|Any CPU
		{770FFBC3-20C8-4C21-906E-2DA4C82D2B31}.Debug|Any CPU.Build.0 = Debug|Any CPU
		{770FFBC3-20C8-4C21-906E-2DA4C82D2B31}.Release|Any CPU.ActiveCfg = Release|Any CPU
		{770FFBC3-20C8-4C21-906E-2DA4C82D2B31}.Release|Any CPU.Build.0 = Release|Any CPU
	EndGlobalSection
	GlobalSection(SolutionProperties) = preSolution
		HideSolutionNode = FALSE
	EndGlobalSection
	GlobalSection(ExtensibilityGlobals) = postSolution
		SolutionGuid = {14A0F0D4-3DED-4967-8667-06190162AD90}
	EndGlobalSection
EndGlobal
